// !$*UTF8*$!
{
	archiveVersion = 1;
	classes = {
	};
	objectVersion = 46;
	objects = {

/* Begin PBXBuildFile section */
		7F4DD49019211635009EEF86 /* Foundation.framework in Frameworks */ = {isa = PBXBuildFile; fileRef = 7F4DD48F19211635009EEF86 /* Foundation.framework */; };
		7F4DD49219211635009EEF86 /* CoreGraphics.framework in Frameworks */ = {isa = PBXBuildFile; fileRef = 7F4DD49119211635009EEF86 /* CoreGraphics.framework */; };
		7F4DD49419211635009EEF86 /* UIKit.framework in Frameworks */ = {isa = PBXBuildFile; fileRef = 7F4DD49319211635009EEF86 /* UIKit.framework */; };
		7F4DD49A19211635009EEF86 /* InfoPlist.strings in Resources */ = {isa = PBXBuildFile; fileRef = 7F4DD49819211635009EEF86 /* InfoPlist.strings */; };
		7F4DD49C19211635009EEF86 /* main.m in Sources */ = {isa = PBXBuildFile; fileRef = 7F4DD49B19211635009EEF86 /* main.m */; };
		7F4DD4A019211635009EEF86 /* AppDelegate.m in Sources */ = {isa = PBXBuildFile; fileRef = 7F4DD49F19211635009EEF86 /* AppDelegate.m */; };
		7F4DD4A319211635009EEF86 /* Main_iPhone.storyboard in Resources */ = {isa = PBXBuildFile; fileRef = 7F4DD4A119211635009EEF86 /* Main_iPhone.storyboard */; };
		7F4DD4A619211635009EEF86 /* Main_iPad.storyboard in Resources */ = {isa = PBXBuildFile; fileRef = 7F4DD4A419211635009EEF86 /* Main_iPad.storyboard */; };
		7F4DD4AB19211635009EEF86 /* Images.xcassets in Resources */ = {isa = PBXBuildFile; fileRef = 7F4DD4AA19211635009EEF86 /* Images.xcassets */; };
		7F4DD4B219211635009EEF86 /* XCTest.framework in Frameworks */ = {isa = PBXBuildFile; fileRef = 7F4DD4B119211635009EEF86 /* XCTest.framework */; };
		7F4DD4B319211635009EEF86 /* Foundation.framework in Frameworks */ = {isa = PBXBuildFile; fileRef = 7F4DD48F19211635009EEF86 /* Foundation.framework */; };
		7F4DD4B419211635009EEF86 /* UIKit.framework in Frameworks */ = {isa = PBXBuildFile; fileRef = 7F4DD49319211635009EEF86 /* UIKit.framework */; };
		7F4DD4BC19211635009EEF86 /* InfoPlist.strings in Resources */ = {isa = PBXBuildFile; fileRef = 7F4DD4BA19211635009EEF86 /* InfoPlist.strings */; };
		7F4DD4BE19211635009EEF86 /* PermitTestMassTests.m in Sources */ = {isa = PBXBuildFile; fileRef = 7F4DD4BD19211635009EEF86 /* PermitTestMassTests.m */; };
		7FA4817019211879005F642C /* SWRevealViewController.m in Sources */ = {isa = PBXBuildFile; fileRef = 7FA4816F19211879005F642C /* SWRevealViewController.m */; };
		7FA48173192118CE005F642C /* QuestionViewController.m in Sources */ = {isa = PBXBuildFile; fileRef = 7FA48172192118CE005F642C /* QuestionViewController.m */; };
		7FA48176192118F0005F642C /* QuestionModel.m in Sources */ = {isa = PBXBuildFile; fileRef = 7FA48175192118F0005F642C /* QuestionModel.m */; };
		7FA4817C192119E4005F642C /* MenuModel.m in Sources */ = {isa = PBXBuildFile; fileRef = 7FA4817B192119E4005F642C /* MenuModel.m */; };
		7FA4817F19211A06005F642C /* MenuViewController.m in Sources */ = {isa = PBXBuildFile; fileRef = 7FA4817E19211A06005F642C /* MenuViewController.m */; };
		7FA4818519211A9A005F642C /* AboutViewController.m in Sources */ = {isa = PBXBuildFile; fileRef = 7FA4818419211A9A005F642C /* AboutViewController.m */; };
		7FA4818819211AF8005F642C /* RemoveAdsViewController.m in Sources */ = {isa = PBXBuildFile; fileRef = 7FA4818719211AF8005F642C /* RemoveAdsViewController.m */; };
		7FA4818B19211B12005F642C /* StatsViewController.m in Sources */ = {isa = PBXBuildFile; fileRef = 7FA4818A19211B12005F642C /* StatsViewController.m */; };
		7FA4818E19211B31005F642C /* StatsModel.m in Sources */ = {isa = PBXBuildFile; fileRef = 7FA4818D19211B31005F642C /* StatsModel.m */; };
/* End PBXBuildFile section */

/* Begin PBXContainerItemProxy section */
		7F4DD4B519211635009EEF86 /* PBXContainerItemProxy */ = {
			isa = PBXContainerItemProxy;
			containerPortal = 7F4DD48419211635009EEF86 /* Project object */;
			proxyType = 1;
			remoteGlobalIDString = 7F4DD48B19211635009EEF86;
			remoteInfo = PermitTestMass;
		};
/* End PBXContainerItemProxy section */

/* Begin PBXFileReference section */
		7F4DD48C19211635009EEF86 /* PermitTestMass.app */ = {isa = PBXFileReference; explicitFileType = wrapper.application; includeInIndex = 0; path = PermitTestMass.app; sourceTree = BUILT_PRODUCTS_DIR; };
		7F4DD48F19211635009EEF86 /* Foundation.framework */ = {isa = PBXFileReference; lastKnownFileType = wrapper.framework; name = Foundation.framework; path = System/Library/Frameworks/Foundation.framework; sourceTree = SDKROOT; };
		7F4DD49119211635009EEF86 /* CoreGraphics.framework */ = {isa = PBXFileReference; lastKnownFileType = wrapper.framework; name = CoreGraphics.framework; path = System/Library/Frameworks/CoreGraphics.framework; sourceTree = SDKROOT; };
		7F4DD49319211635009EEF86 /* UIKit.framework */ = {isa = PBXFileReference; lastKnownFileType = wrapper.framework; name = UIKit.framework; path = System/Library/Frameworks/UIKit.framework; sourceTree = SDKROOT; };
		7F4DD49719211635009EEF86 /* PermitTestMass-Info.plist */ = {isa = PBXFileReference; lastKnownFileType = text.plist.xml; path = "PermitTestMass-Info.plist"; sourceTree = "<group>"; };
		7F4DD49919211635009EEF86 /* en */ = {isa = PBXFileReference; lastKnownFileType = text.plist.strings; name = en; path = en.lproj/InfoPlist.strings; sourceTree = "<group>"; };
		7F4DD49B19211635009EEF86 /* main.m */ = {isa = PBXFileReference; lastKnownFileType = sourcecode.c.objc; path = main.m; sourceTree = "<group>"; };
		7F4DD49D19211635009EEF86 /* PermitTestMass-Prefix.pch */ = {isa = PBXFileReference; lastKnownFileType = sourcecode.c.h; path = "PermitTestMass-Prefix.pch"; sourceTree = "<group>"; };
		7F4DD49E19211635009EEF86 /* AppDelegate.h */ = {isa = PBXFileReference; lastKnownFileType = sourcecode.c.h; path = AppDelegate.h; sourceTree = "<group>"; };
		7F4DD49F19211635009EEF86 /* AppDelegate.m */ = {isa = PBXFileReference; lastKnownFileType = sourcecode.c.objc; path = AppDelegate.m; sourceTree = "<group>"; };
		7F4DD4A219211635009EEF86 /* Base */ = {isa = PBXFileReference; lastKnownFileType = file.storyboard; name = Base; path = Base.lproj/Main_iPhone.storyboard; sourceTree = "<group>"; };
		7F4DD4A519211635009EEF86 /* Base */ = {isa = PBXFileReference; lastKnownFileType = file.storyboard; name = Base; path = Base.lproj/Main_iPad.storyboard; sourceTree = "<group>"; };
		7F4DD4AA19211635009EEF86 /* Images.xcassets */ = {isa = PBXFileReference; lastKnownFileType = folder.assetcatalog; path = Images.xcassets; sourceTree = "<group>"; };
		7F4DD4B019211635009EEF86 /* PermitTestMassTests.xctest */ = {isa = PBXFileReference; explicitFileType = wrapper.cfbundle; includeInIndex = 0; path = PermitTestMassTests.xctest; sourceTree = BUILT_PRODUCTS_DIR; };
		7F4DD4B119211635009EEF86 /* XCTest.framework */ = {isa = PBXFileReference; lastKnownFileType = wrapper.framework; name = XCTest.framework; path = Library/Frameworks/XCTest.framework; sourceTree = DEVELOPER_DIR; };
		7F4DD4B919211635009EEF86 /* PermitTestMassTests-Info.plist */ = {isa = PBXFileReference; lastKnownFileType = text.plist.xml; path = "PermitTestMassTests-Info.plist"; sourceTree = "<group>"; };
		7F4DD4BB19211635009EEF86 /* en */ = {isa = PBXFileReference; lastKnownFileType = text.plist.strings; name = en; path = en.lproj/InfoPlist.strings; sourceTree = "<group>"; };
		7F4DD4BD19211635009EEF86 /* PermitTestMassTests.m */ = {isa = PBXFileReference; lastKnownFileType = sourcecode.c.objc; path = PermitTestMassTests.m; sourceTree = "<group>"; };
		7FA4816E19211879005F642C /* SWRevealViewController.h */ = {isa = PBXFileReference; fileEncoding = 4; lastKnownFileType = sourcecode.c.h; name = SWRevealViewController.h; path = Reveal/SWRevealViewController.h; sourceTree = "<group>"; };
		7FA4816F19211879005F642C /* SWRevealViewController.m */ = {isa = PBXFileReference; fileEncoding = 4; lastKnownFileType = sourcecode.c.objc; name = SWRevealViewController.m; path = Reveal/SWRevealViewController.m; sourceTree = "<group>"; };
		7FA48171192118CE005F642C /* QuestionViewController.h */ = {isa = PBXFileReference; fileEncoding = 4; lastKnownFileType = sourcecode.c.h; name = QuestionViewController.h; path = Question/QuestionViewController.h; sourceTree = "<group>"; };
		7FA48172192118CE005F642C /* QuestionViewController.m */ = {isa = PBXFileReference; fileEncoding = 4; lastKnownFileType = sourcecode.c.objc; name = QuestionViewController.m; path = Question/QuestionViewController.m; sourceTree = "<group>"; };
		7FA48174192118F0005F642C /* QuestionModel.h */ = {isa = PBXFileReference; fileEncoding = 4; lastKnownFileType = sourcecode.c.h; path = QuestionModel.h; sourceTree = "<group>"; };
		7FA48175192118F0005F642C /* QuestionModel.m */ = {isa = PBXFileReference; fileEncoding = 4; lastKnownFileType = sourcecode.c.objc; path = QuestionModel.m; sourceTree = "<group>"; };
		7FA4817A192119E4005F642C /* MenuModel.h */ = {isa = PBXFileReference; fileEncoding = 4; lastKnownFileType = sourcecode.c.h; name = MenuModel.h; path = Menu/MenuModel.h; sourceTree = "<group>"; };
		7FA4817B192119E4005F642C /* MenuModel.m */ = {isa = PBXFileReference; fileEncoding = 4; lastKnownFileType = sourcecode.c.objc; name = MenuModel.m; path = Menu/MenuModel.m; sourceTree = "<group>"; };
		7FA4817D19211A06005F642C /* MenuViewController.h */ = {isa = PBXFileReference; fileEncoding = 4; lastKnownFileType = sourcecode.c.h; name = MenuViewController.h; path = Menu/MenuViewController.h; sourceTree = "<group>"; };
		7FA4817E19211A06005F642C /* MenuViewController.m */ = {isa = PBXFileReference; fileEncoding = 4; lastKnownFileType = sourcecode.c.objc; name = MenuViewController.m; path = Menu/MenuViewController.m; sourceTree = "<group>"; };
		7FA4818319211A9A005F642C /* AboutViewController.h */ = {isa = PBXFileReference; fileEncoding = 4; lastKnownFileType = sourcecode.c.h; name = AboutViewController.h; path = About/AboutViewController.h; sourceTree = "<group>"; };
		7FA4818419211A9A005F642C /* AboutViewController.m */ = {isa = PBXFileReference; fileEncoding = 4; lastKnownFileType = sourcecode.c.objc; name = AboutViewController.m; path = About/AboutViewController.m; sourceTree = "<group>"; };
		7FA4818619211AF8005F642C /* RemoveAdsViewController.h */ = {isa = PBXFileReference; fileEncoding = 4; lastKnownFileType = sourcecode.c.h; name = RemoveAdsViewController.h; path = RemoveAds/RemoveAdsViewController.h; sourceTree = "<group>"; };
		7FA4818719211AF8005F642C /* RemoveAdsViewController.m */ = {isa = PBXFileReference; fileEncoding = 4; lastKnownFileType = sourcecode.c.objc; name = RemoveAdsViewController.m; path = RemoveAds/RemoveAdsViewController.m; sourceTree = "<group>"; };
		7FA4818919211B12005F642C /* StatsViewController.h */ = {isa = PBXFileReference; fileEncoding = 4; lastKnownFileType = sourcecode.c.h; name = StatsViewController.h; path = Stats/StatsViewController.h; sourceTree = "<group>"; };
		7FA4818A19211B12005F642C /* StatsViewController.m */ = {isa = PBXFileReference; fileEncoding = 4; lastKnownFileType = sourcecode.c.objc; name = StatsViewController.m; path = Stats/StatsViewController.m; sourceTree = "<group>"; };
		7FA4818C19211B31005F642C /* StatsModel.h */ = {isa = PBXFileReference; fileEncoding = 4; lastKnownFileType = sourcecode.c.h; name = StatsModel.h; path = Stats/StatsModel.h; sourceTree = "<group>"; };
		7FA4818D19211B31005F642C /* StatsModel.m */ = {isa = PBXFileReference; fileEncoding = 4; lastKnownFileType = sourcecode.c.objc; name = StatsModel.m; path = Stats/StatsModel.m; sourceTree = "<group>"; };
/* End PBXFileReference section */

/* Begin PBXFrameworksBuildPhase section */
		7F4DD48919211635009EEF86 /* Frameworks */ = {
			isa = PBXFrameworksBuildPhase;
			buildActionMask = 2147483647;
			files = (
				7F4DD49219211635009EEF86 /* CoreGraphics.framework in Frameworks */,
				7F4DD49419211635009EEF86 /* UIKit.framework in Frameworks */,
				7F4DD49019211635009EEF86 /* Foundation.framework in Frameworks */,
			);
			runOnlyForDeploymentPostprocessing = 0;
		};
		7F4DD4AD19211635009EEF86 /* Frameworks */ = {
			isa = PBXFrameworksBuildPhase;
			buildActionMask = 2147483647;
			files = (
				7F4DD4B219211635009EEF86 /* XCTest.framework in Frameworks */,
				7F4DD4B419211635009EEF86 /* UIKit.framework in Frameworks */,
				7F4DD4B319211635009EEF86 /* Foundation.framework in Frameworks */,
			);
			runOnlyForDeploymentPostprocessing = 0;
		};
/* End PBXFrameworksBuildPhase section */

/* Begin PBXGroup section */
		7F4DD48319211635009EEF86 = {
			isa = PBXGroup;
			children = (
				7F4DD49519211635009EEF86 /* PermitTestMass */,
				7F4DD4B719211635009EEF86 /* PermitTestMassTests */,
				7F4DD48E19211635009EEF86 /* Frameworks */,
				7F4DD48D19211635009EEF86 /* Products */,
			);
			sourceTree = "<group>";
		};
		7F4DD48D19211635009EEF86 /* Products */ = {
			isa = PBXGroup;
			children = (
				7F4DD48C19211635009EEF86 /* PermitTestMass.app */,
				7F4DD4B019211635009EEF86 /* PermitTestMassTests.xctest */,
			);
			name = Products;
			sourceTree = "<group>";
		};
		7F4DD48E19211635009EEF86 /* Frameworks */ = {
			isa = PBXGroup;
			children = (
				7F4DD48F19211635009EEF86 /* Foundation.framework */,
				7F4DD49119211635009EEF86 /* CoreGraphics.framework */,
				7F4DD49319211635009EEF86 /* UIKit.framework */,
				7F4DD4B119211635009EEF86 /* XCTest.framework */,
			);
			name = Frameworks;
			sourceTree = "<group>";
		};
		7F4DD49519211635009EEF86 /* PermitTestMass */ = {
			isa = PBXGroup;
			children = (
				7F4DD49E19211635009EEF86 /* AppDelegate.h */,
				7F4DD49F19211635009EEF86 /* AppDelegate.m */,
				7F4DD4A119211635009EEF86 /* Main_iPhone.storyboard */,
				7F4DD4A419211635009EEF86 /* Main_iPad.storyboard */,
				7FA4816719211740005F642C /* Reveal */,
				7FA481681921175C005F642C /* Question */,
				7FA4816D1921178F005F642C /* Helpers */,
				7FA4816C19211785005F642C /* RemoveAds */,
				7FA4816B1921177E005F642C /* About */,
				7FA4816A19211776005F642C /* Menu */,
				7FA481691921176F005F642C /* Stats */,
				7F4DD4AA19211635009EEF86 /* Images.xcassets */,
				7F4DD49619211635009EEF86 /* Supporting Files */,
			);
			path = PermitTestMass;
			sourceTree = "<group>";
		};
		7F4DD49619211635009EEF86 /* Supporting Files */ = {
			isa = PBXGroup;
			children = (
				7F4DD49719211635009EEF86 /* PermitTestMass-Info.plist */,
				7F4DD49819211635009EEF86 /* InfoPlist.strings */,
				7F4DD49B19211635009EEF86 /* main.m */,
				7F4DD49D19211635009EEF86 /* PermitTestMass-Prefix.pch */,
			);
			name = "Supporting Files";
			sourceTree = "<group>";
		};
		7F4DD4B719211635009EEF86 /* PermitTestMassTests */ = {
			isa = PBXGroup;
			children = (
				7F4DD4BD19211635009EEF86 /* PermitTestMassTests.m */,
				7F4DD4B819211635009EEF86 /* Supporting Files */,
			);
			path = PermitTestMassTests;
			sourceTree = "<group>";
		};
		7F4DD4B819211635009EEF86 /* Supporting Files */ = {
			isa = PBXGroup;
			children = (
				7F4DD4B919211635009EEF86 /* PermitTestMassTests-Info.plist */,
				7F4DD4BA19211635009EEF86 /* InfoPlist.strings */,
			);
			name = "Supporting Files";
			sourceTree = "<group>";
		};
		7FA4816719211740005F642C /* Reveal */ = {
			isa = PBXGroup;
			children = (
				7FA4816E19211879005F642C /* SWRevealViewController.h */,
				7FA4816F19211879005F642C /* SWRevealViewController.m */,
			);
			name = Reveal;
			sourceTree = "<group>";
		};
		7FA481681921175C005F642C /* Question */ = {
			isa = PBXGroup;
			children = (
				7FA48174192118F0005F642C /* QuestionModel.h */,
				7FA48175192118F0005F642C /* QuestionModel.m */,
				7FA48171192118CE005F642C /* QuestionViewController.h */,
				7FA48172192118CE005F642C /* QuestionViewController.m */,
			);
			name = Question;
			sourceTree = "<group>";
		};
		7FA481691921176F005F642C /* Stats */ = {
			isa = PBXGroup;
			children = (
				7FA4818919211B12005F642C /* StatsViewController.h */,
				7FA4818A19211B12005F642C /* StatsViewController.m */,
				7FA4818C19211B31005F642C /* StatsModel.h */,
				7FA4818D19211B31005F642C /* StatsModel.m */,
			);
			name = Stats;
			sourceTree = "<group>";
		};
		7FA4816A19211776005F642C /* Menu */ = {
			isa = PBXGroup;
			children = (
				7FA4817D19211A06005F642C /* MenuViewController.h */,
				7FA4817E19211A06005F642C /* MenuViewController.m */,
				7FA4817A192119E4005F642C /* MenuModel.h */,
				7FA4817B192119E4005F642C /* MenuModel.m */,
			);
			name = Menu;
			sourceTree = "<group>";
		};
		7FA4816B1921177E005F642C /* About */ = {
			isa = PBXGroup;
			children = (
				7FA4818319211A9A005F642C /* AboutViewController.h */,
				7FA4818419211A9A005F642C /* AboutViewController.m */,
			);
			name = About;
			sourceTree = "<group>";
		};
		7FA4816C19211785005F642C /* RemoveAds */ = {
			isa = PBXGroup;
			children = (
				7FA4818619211AF8005F642C /* RemoveAdsViewController.h */,
				7FA4818719211AF8005F642C /* RemoveAdsViewController.m */,
			);
			name = RemoveAds;
			sourceTree = "<group>";
		};
		7FA4816D1921178F005F642C /* Helpers */ = {
			isa = PBXGroup;
			children = (
			);
			name = Helpers;
			sourceTree = "<group>";
		};
/* End PBXGroup section */

/* Begin PBXNativeTarget section */
		7F4DD48B19211635009EEF86 /* PermitTestMass */ = {
			isa = PBXNativeTarget;
			buildConfigurationList = 7F4DD4C119211635009EEF86 /* Build configuration list for PBXNativeTarget "PermitTestMass" */;
			buildPhases = (
				7F4DD48819211635009EEF86 /* Sources */,
				7F4DD48919211635009EEF86 /* Frameworks */,
				7F4DD48A19211635009EEF86 /* Resources */,
			);
			buildRules = (
			);
			dependencies = (
			);
			name = PermitTestMass;
			productName = PermitTestMass;
			productReference = 7F4DD48C19211635009EEF86 /* PermitTestMass.app */;
			productType = "com.apple.product-type.application";
		};
		7F4DD4AF19211635009EEF86 /* PermitTestMassTests */ = {
			isa = PBXNativeTarget;
			buildConfigurationList = 7F4DD4C419211635009EEF86 /* Build configuration list for PBXNativeTarget "PermitTestMassTests" */;
			buildPhases = (
				7F4DD4AC19211635009EEF86 /* Sources */,
				7F4DD4AD19211635009EEF86 /* Frameworks */,
				7F4DD4AE19211635009EEF86 /* Resources */,
			);
			buildRules = (
			);
			dependencies = (
				7F4DD4B619211635009EEF86 /* PBXTargetDependency */,
			);
			name = PermitTestMassTests;
			productName = PermitTestMassTests;
			productReference = 7F4DD4B019211635009EEF86 /* PermitTestMassTests.xctest */;
			productType = "com.apple.product-type.bundle.unit-test";
		};
/* End PBXNativeTarget section */

/* Begin PBXProject section */
		7F4DD48419211635009EEF86 /* Project object */ = {
			isa = PBXProject;
			attributes = {
				LastUpgradeCheck = 0510;
				ORGANIZATIONNAME = Astronut;
				TargetAttributes = {
					7F4DD4AF19211635009EEF86 = {
						TestTargetID = 7F4DD48B19211635009EEF86;
					};
				};
			};
			buildConfigurationList = 7F4DD48719211635009EEF86 /* Build configuration list for PBXProject "PermitTestMass" */;
			compatibilityVersion = "Xcode 3.2";
			developmentRegion = English;
			hasScannedForEncodings = 0;
			knownRegions = (
				en,
				Base,
			);
			mainGroup = 7F4DD48319211635009EEF86;
			productRefGroup = 7F4DD48D19211635009EEF86 /* Products */;
			projectDirPath = "";
			projectRoot = "";
			targets = (
				7F4DD48B19211635009EEF86 /* PermitTestMass */,
				7F4DD4AF19211635009EEF86 /* PermitTestMassTests */,
			);
		};
/* End PBXProject section */

/* Begin PBXResourcesBuildPhase section */
		7F4DD48A19211635009EEF86 /* Resources */ = {
			isa = PBXResourcesBuildPhase;
			buildActionMask = 2147483647;
			files = (
				7F4DD4A619211635009EEF86 /* Main_iPad.storyboard in Resources */,
				7F4DD4AB19211635009EEF86 /* Images.xcassets in Resources */,
				7F4DD4A319211635009EEF86 /* Main_iPhone.storyboard in Resources */,
				7F4DD49A19211635009EEF86 /* InfoPlist.strings in Resources */,
			);
			runOnlyForDeploymentPostprocessing = 0;
		};
		7F4DD4AE19211635009EEF86 /* Resources */ = {
			isa = PBXResourcesBuildPhase;
			buildActionMask = 2147483647;
			files = (
				7F4DD4BC19211635009EEF86 /* InfoPlist.strings in Resources */,
			);
			runOnlyForDeploymentPostprocessing = 0;
		};
/* End PBXResourcesBuildPhase section */

/* Begin PBXSourcesBuildPhase section */
		7F4DD48819211635009EEF86 /* Sources */ = {
			isa = PBXSourcesBuildPhase;
			buildActionMask = 2147483647;
			files = (
				7FA48176192118F0005F642C /* QuestionModel.m in Sources */,
				7FA4817C192119E4005F642C /* MenuModel.m in Sources */,
				7FA4818519211A9A005F642C /* AboutViewController.m in Sources */,
				7FA4818819211AF8005F642C /* RemoveAdsViewController.m in Sources */,
				7F4DD4A019211635009EEF86 /* AppDelegate.m in Sources */,
				7F4DD49C19211635009EEF86 /* main.m in Sources */,
				7FA4818B19211B12005F642C /* StatsViewController.m in Sources */,
				7FA4817F19211A06005F642C /* MenuViewController.m in Sources */,
				7FA4818E19211B31005F642C /* StatsModel.m in Sources */,
				7FA48173192118CE005F642C /* QuestionViewController.m in Sources */,
				7FA4817019211879005F642C /* SWRevealViewController.m in Sources */,
			);
			runOnlyForDeploymentPostprocessing = 0;
		};
		7F4DD4AC19211635009EEF86 /* Sources */ = {
			isa = PBXSourcesBuildPhase;
			buildActionMask = 2147483647;
			files = (
				7F4DD4BE19211635009EEF86 /* PermitTestMassTests.m in Sources */,
			);
			runOnlyForDeploymentPostprocessing = 0;
		};
/* End PBXSourcesBuildPhase section */

/* Begin PBXTargetDependency section */
		7F4DD4B619211635009EEF86 /* PBXTargetDependency */ = {
			isa = PBXTargetDependency;
			target = 7F4DD48B19211635009EEF86 /* PermitTestMass */;
			targetProxy = 7F4DD4B519211635009EEF86 /* PBXContainerItemProxy */;
		};
/* End PBXTargetDependency section */

/* Begin PBXVariantGroup section */
		7F4DD49819211635009EEF86 /* InfoPlist.strings */ = {
			isa = PBXVariantGroup;
			children = (
				7F4DD49919211635009EEF86 /* en */,
			);
			name = InfoPlist.strings;
			sourceTree = "<group>";
		};
		7F4DD4A119211635009EEF86 /* Main_iPhone.storyboard */ = {
			isa = PBXVariantGroup;
			children = (
				7F4DD4A219211635009EEF86 /* Base */,
			);
			name = Main_iPhone.storyboard;
			sourceTree = "<group>";
		};
		7F4DD4A419211635009EEF86 /* Main_iPad.storyboard */ = {
			isa = PBXVariantGroup;
			children = (
				7F4DD4A519211635009EEF86 /* Base */,
			);
			name = Main_iPad.storyboard;
			sourceTree = "<group>";
		};
		7F4DD4BA19211635009EEF86 /* InfoPlist.strings */ = {
			isa = PBXVariantGroup;
			children = (
				7F4DD4BB19211635009EEF86 /* en */,
			);
			name = InfoPlist.strings;
			sourceTree = "<group>";
		};
/* End PBXVariantGroup section */

/* Begin XCBuildConfiguration section */
		7F4DD4BF19211635009EEF86 /* Debug */ = {
			isa = XCBuildConfiguration;
			buildSettings = {
				ALWAYS_SEARCH_USER_PATHS = NO;
				CLANG_CXX_LANGUAGE_STANDARD = "gnu++0x";
				CLANG_CXX_LIBRARY = "libc++";
				CLANG_ENABLE_MODULES = YES;
				CLANG_ENABLE_OBJC_ARC = YES;
				CLANG_WARN_BOOL_CONVERSION = YES;
				CLANG_WARN_CONSTANT_CONVERSION = YES;
				CLANG_WARN_DIRECT_OBJC_ISA_USAGE = YES_ERROR;
				CLANG_WARN_EMPTY_BODY = YES;
				CLANG_WARN_ENUM_CONVERSION = YES;
				CLANG_WARN_INT_CONVERSION = YES;
				CLANG_WARN_OBJC_ROOT_CLASS = YES_ERROR;
				CLANG_WARN__DUPLICATE_METHOD_MATCH = YES;
				"CODE_SIGN_IDENTITY[sdk=iphoneos*]" = "iPhone Developer";
				COPY_PHASE_STRIP = NO;
				GCC_C_LANGUAGE_STANDARD = gnu99;
				GCC_DYNAMIC_NO_PIC = NO;
				GCC_OPTIMIZATION_LEVEL = 0;
				GCC_PREPROCESSOR_DEFINITIONS = (
					"DEBUG=1",
					"$(inherited)",
				);
				GCC_SYMBOLS_PRIVATE_EXTERN = NO;
				GCC_WARN_64_TO_32_BIT_CONVERSION = YES;
				GCC_WARN_ABOUT_RETURN_TYPE = YES_ERROR;
				GCC_WARN_UNDECLARED_SELECTOR = YES;
				GCC_WARN_UNINITIALIZED_AUTOS = YES_AGGRESSIVE;
				GCC_WARN_UNUSED_FUNCTION = YES;
				GCC_WARN_UNUSED_VARIABLE = YES;
				IPHONEOS_DEPLOYMENT_TARGET = 7.1;
				ONLY_ACTIVE_ARCH = YES;
				SDKROOT = iphoneos;
				TARGETED_DEVICE_FAMILY = "1,2";
			};
			name = Debug;
		};
		7F4DD4C019211635009EEF86 /* Release */ = {
			isa = XCBuildConfiguration;
			buildSettings = {
				ALWAYS_SEARCH_USER_PATHS = NO;
				CLANG_CXX_LANGUAGE_STANDARD = "gnu++0x";
				CLANG_CXX_LIBRARY = "libc++";
				CLANG_ENABLE_MODULES = YES;
				CLANG_ENABLE_OBJC_ARC = YES;
				CLANG_WARN_BOOL_CONVERSION = YES;
				CLANG_WARN_CONSTANT_CONVERSION = YES;
				CLANG_WARN_DIRECT_OBJC_ISA_USAGE = YES_ERROR;
				CLANG_WARN_EMPTY_BODY = YES;
				CLANG_WARN_ENUM_CONVERSION = YES;
				CLANG_WARN_INT_CONVERSION = YES;
				CLANG_WARN_OBJC_ROOT_CLASS = YES_ERROR;
				CLANG_WARN__DUPLICATE_METHOD_MATCH = YES;
				"CODE_SIGN_IDENTITY[sdk=iphoneos*]" = "iPhone Developer";
				COPY_PHASE_STRIP = YES;
				ENABLE_NS_ASSERTIONS = NO;
				GCC_C_LANGUAGE_STANDARD = gnu99;
				GCC_WARN_64_TO_32_BIT_CONVERSION = YES;
				GCC_WARN_ABOUT_RETURN_TYPE = YES_ERROR;
				GCC_WARN_UNDECLARED_SELECTOR = YES;
				GCC_WARN_UNINITIALIZED_AUTOS = YES_AGGRESSIVE;
				GCC_WARN_UNUSED_FUNCTION = YES;
				GCC_WARN_UNUSED_VARIABLE = YES;
				IPHONEOS_DEPLOYMENT_TARGET = 7.1;
				SDKROOT = iphoneos;
				TARGETED_DEVICE_FAMILY = "1,2";
				VALIDATE_PRODUCT = YES;
			};
			name = Release;
		};
		7F4DD4C219211635009EEF86 /* Debug */ = {
			isa = XCBuildConfiguration;
			buildSettings = {
				ASSETCATALOG_COMPILER_APPICON_NAME = AppIcon;
				ASSETCATALOG_COMPILER_LAUNCHIMAGE_NAME = LaunchImage;
				GCC_PRECOMPILE_PREFIX_HEADER = YES;
				GCC_PREFIX_HEADER = "PermitTestMass/PermitTestMass-Prefix.pch";
				INFOPLIST_FILE = "PermitTestMass/PermitTestMass-Info.plist";
				PRODUCT_NAME = "$(TARGET_NAME)";
				WRAPPER_EXTENSION = app;
			};
			name = Debug;
		};
		7F4DD4C319211635009EEF86 /* Release */ = {
			isa = XCBuildConfiguration;
			buildSettings = {
				ASSETCATALOG_COMPILER_APPICON_NAME = AppIcon;
				ASSETCATALOG_COMPILER_LAUNCHIMAGE_NAME = LaunchImage;
				GCC_PRECOMPILE_PREFIX_HEADER = YES;
				GCC_PREFIX_HEADER = "PermitTestMass/PermitTestMass-Prefix.pch";
				INFOPLIST_FILE = "PermitTestMass/PermitTestMass-Info.plist";
				PRODUCT_NAME = "$(TARGET_NAME)";
				WRAPPER_EXTENSION = app;
			};
			name = Release;
		};
		7F4DD4C519211635009EEF86 /* Debug */ = {
			isa = XCBuildConfiguration;
			buildSettings = {
				BUNDLE_LOADER = "$(BUILT_PRODUCTS_DIR)/PermitTestMass.app/PermitTestMass";
				FRAMEWORK_SEARCH_PATHS = (
					"$(SDKROOT)/Developer/Library/Frameworks",
					"$(inherited)",
					"$(DEVELOPER_FRAMEWORKS_DIR)",
				);
				GCC_PRECOMPILE_PREFIX_HEADER = YES;
				GCC_PREFIX_HEADER = "PermitTestMass/PermitTestMass-Prefix.pch";
				GCC_PREPROCESSOR_DEFINITIONS = (
					"DEBUG=1",
					"$(inherited)",
				);
				INFOPLIST_FILE = "PermitTestMassTests/PermitTestMassTests-Info.plist";
				PRODUCT_NAME = "$(TARGET_NAME)";
				TEST_HOST = "$(BUNDLE_LOADER)";
				WRAPPER_EXTENSION = xctest;
			};
			name = Debug;
		};
		7F4DD4C619211635009EEF86 /* Release */ = {
			isa = XCBuildConfiguration;
			buildSettings = {
				BUNDLE_LOADER = "$(BUILT_PRODUCTS_DIR)/PermitTestMass.app/PermitTestMass";
				FRAMEWORK_SEARCH_PATHS = (
					"$(SDKROOT)/Developer/Library/Frameworks",
					"$(inherited)",
					"$(DEVELOPER_FRAMEWORKS_DIR)",
				);
				GCC_PRECOMPILE_PREFIX_HEADER = YES;
				GCC_PREFIX_HEADER = "PermitTestMass/PermitTestMass-Prefix.pch";
				INFOPLIST_FILE = "PermitTestMassTests/PermitTestMassTests-Info.plist";
				PRODUCT_NAME = "$(TARGET_NAME)";
				TEST_HOST = "$(BUNDLE_LOADER)";
				WRAPPER_EXTENSION = xctest;
			};
			name = Release;
		};
/* End XCBuildConfiguration section */

/* Begin XCConfigurationList section */
		7F4DD48719211635009EEF86 /* Build configuration list for PBXProject "PermitTestMass" */ = {
			isa = XCConfigurationList;
			buildConfigurations = (
				7F4DD4BF19211635009EEF86 /* Debug */,
				7F4DD4C019211635009EEF86 /* Release */,
			);
			defaultConfigurationIsVisible = 0;
			defaultConfigurationName = Release;
		};
		7F4DD4C119211635009EEF86 /* Build configuration list for PBXNativeTarget "PermitTestMass" */ = {
			isa = XCConfigurationList;
			buildConfigurations = (
				7F4DD4C219211635009EEF86 /* Debug */,
				7F4DD4C319211635009EEF86 /* Release */,
			);
			defaultConfigurationIsVisible = 0;
			defaultConfigurationName = Release;
		};
		7F4DD4C419211635009EEF86 /* Build configuration list for PBXNativeTarget "PermitTestMassTests" */ = {
			isa = XCConfigurationList;
			buildConfigurations = (
				7F4DD4C519211635009EEF86 /* Debug */,
				7F4DD4C619211635009EEF86 /* Release */,
			);
			defaultConfigurationIsVisible = 0;
			defaultConfigurationName = Release;
		};
/* End XCConfigurationList section */
	};
	rootObject = 7F4DD48419211635009EEF86 /* Project object */;
}
